<?xml version="1.0" encoding="UTF-8" standalone="yes" ?>
<CodeBlocks_project_file>
	<FileVersion major="1" minor="6" />
	<Project>
		<Option title="CaseStudy" />
		<Option execution_dir="C:/Users/yves/Documents/IBZ-CaseStudy/test - yves/test/" />
		<Option pch_mode="2" />
		<Option compiler="gcc" />
		<Build>
			<Target title="Debug">
				<Option output="bin/Debug/Casestudy" prefix_auto="1" extension_auto="1" />
				<Option object_output="obj/Debug/" />
				<Option type="1" />
				<Option compiler="gcc" />
				<Compiler>
					<Add option="-g" />
				</Compiler>
			</Target>
			<Target title="Release">
				<Option output="bin/Release/Casestudy" prefix_auto="1" extension_auto="1" />
				<Option object_output="obj/Release/" />
				<Option type="1" />
				<Option compiler="gcc" />
				<Compiler>
					<Add option="-O2" />
				</Compiler>
				<Linker>
					<Add option="-s" />
				</Linker>
			</Target>
		</Build>
		<Compiler>
			<Add option="-Wall" />
		</Compiler>
		<Unit filename="Analyse.h" />
		<Unit filename="DiverseFunktionen.c">
			<Option compilerVar="CC" />
		</Unit>
		<Unit filename="DiverseFunktionen.h" />
		<Unit filename="ExportDatei.c">
			<Option compilerVar="CC" />
		</Unit>
		<Unit filename="ExportDatei.h" />
		<Unit filename="Fehlermeldungen.c">
			<Option compilerVar="CC" />
		</Unit>
		<Unit filename="Fehlermeldungen.h" />
		<Unit filename="ImportDatei.c">
			<Option compilerVar="CC" />
		</Unit>
		<Unit filename="ImportDatei.h" />
		<Unit filename="Menus.c">
			<Option compilerVar="CC" />
		</Unit>
		<Unit filename="Menus.h" />
		<Unit filename="analyse.c">
			<Option compilerVar="CC" />
		</Unit>
		<Unit filename="main.c">
			<Option compilerVar="CC" />
		</Unit>
		<Unit filename="main.h" />
		<Extensions>
			<code_completion />
			<envvars />
			<debugger />
		</Extensions>
	</Project>
</CodeBlocks_project_file>
